
Microsoft Visual Studio Solution File, Format Version 12.00
# Visual Studio Version 17
VisualStudioVersion = 17.8.34525.116
MinimumVisualStudioVersion = 10.0.40219.1
Project("{FAE04EC0-301F-11D3-BF4B-00C04F79EFBC}") = "MedicalClinic", "MedicalClinic\MedicalClinic.csproj", "{C534E754-7F7E-4EF3-834D-2945A7AFB200}"
EndProject
Global
	GlobalSection(SolutionConfigurationPlatforms) = preSolution
		Debug|Any CPU = Debug|Any CPU
		Release|Any CPU = Release|Any CPU
	EndGlobalSection
	GlobalSection(ProjectConfigurationPlatforms) = postSolution
		{C534E754-7F7E-4EF3-834D-2945A7AFB200}.Debug|Any CPU.ActiveCfg = Debug|Any CPU
		{C534E754-7F7E-4EF3-834D-2945A7AFB200}.Debug|Any CPU.Build.0 = Debug|Any CPU
		{C534E754-7F7E-4EF3-834D-2945A7AFB200}.Release|Any CPU.ActiveCfg = Release|Any CPU
		{C534E754-7F7E-4EF3-834D-2945A7AFB200}.Release|Any CPU.Build.0 = Release|Any CPU
	EndGlobalSection
	GlobalSection(SolutionProperties) = preSolution
		HideSolutionNode = FALSE
	EndGlobalSection
	GlobalSection(ExtensibilityGlobals) = postSolution
		SolutionGuid = {B2F5FDF7-741E-4896-B576-F8527BCEDCD3}
	EndGlobalSection
EndGlobal
